// !$*UTF8*$!
{
	archiveVersion = 1;
	classes = {
	};
	objectVersion = 55;
	objects = {

/* Begin PBXBuildFile section */
		672F6CCA27BB7468006899C8 /* AppDelegate.swift in Sources */ = {isa = PBXBuildFile; fileRef = 672F6CC927BB7468006899C8 /* AppDelegate.swift */; };
		672F6CCC27BB7468006899C8 /* SceneDelegate.swift in Sources */ = {isa = PBXBuildFile; fileRef = 672F6CCB27BB7468006899C8 /* SceneDelegate.swift */; };
		672F6CCE27BB7468006899C8 /* ViewController.swift in Sources */ = {isa = PBXBuildFile; fileRef = 672F6CCD27BB7468006899C8 /* ViewController.swift */; };
		672F6CD127BB7468006899C8 /* Main.storyboard in Resources */ = {isa = PBXBuildFile; fileRef = 672F6CCF27BB7468006899C8 /* Main.storyboard */; };
		672F6CD327BB7469006899C8 /* Assets.xcassets in Resources */ = {isa = PBXBuildFile; fileRef = 672F6CD227BB7469006899C8 /* Assets.xcassets */; };
		672F6CD627BB7469006899C8 /* LaunchScreen.storyboard in Resources */ = {isa = PBXBuildFile; fileRef = 672F6CD427BB7469006899C8 /* LaunchScreen.storyboard */; };
		672F6CE027BB7777006899C8 /* addSigninInfo.swift in Sources */ = {isa = PBXBuildFile; fileRef = 672F6CDF27BB7777006899C8 /* addSigninInfo.swift */; };
		672F6CE227BB7921006899C8 /* addUserInfo.swift in Sources */ = {isa = PBXBuildFile; fileRef = 672F6CE127BB7921006899C8 /* addUserInfo.swift */; };
		672F6CE427BE1978006899C8 /* userInfomation.swift in Sources */ = {isa = PBXBuildFile; fileRef = 672F6CE327BE1978006899C8 /* userInfomation.swift */; };
/* End PBXBuildFile section */

/* Begin PBXFileReference section */
		672F6CC627BB7468006899C8 /* iOS_SignUpPage.app */ = {isa = PBXFileReference; explicitFileType = wrapper.application; includeInIndex = 0; path = iOS_SignUpPage.app; sourceTree = BUILT_PRODUCTS_DIR; };
		672F6CC927BB7468006899C8 /* AppDelegate.swift */ = {isa = PBXFileReference; lastKnownFileType = sourcecode.swift; path = AppDelegate.swift; sourceTree = "<group>"; };
		672F6CCB27BB7468006899C8 /* SceneDelegate.swift */ = {isa = PBXFileReference; lastKnownFileType = sourcecode.swift; path = SceneDelegate.swift; sourceTree = "<group>"; };
		672F6CCD27BB7468006899C8 /* ViewController.swift */ = {isa = PBXFileReference; lastKnownFileType = sourcecode.swift; path = ViewController.swift; sourceTree = "<group>"; };
		672F6CD027BB7468006899C8 /* Base */ = {isa = PBXFileReference; lastKnownFileType = file.storyboard; name = Base; path = Base.lproj/Main.storyboard; sourceTree = "<group>"; };
		672F6CD227BB7469006899C8 /* Assets.xcassets */ = {isa = PBXFileReference; lastKnownFileType = folder.assetcatalog; path = Assets.xcassets; sourceTree = "<group>"; };
		672F6CD527BB7469006899C8 /* Base */ = {isa = PBXFileReference; lastKnownFileType = file.storyboard; name = Base; path = Base.lproj/LaunchScreen.storyboard; sourceTree = "<group>"; };
		672F6CD727BB7469006899C8 /* Info.plist */ = {isa = PBXFileReference; lastKnownFileType = text.plist.xml; path = Info.plist; sourceTree = "<group>"; };
		672F6CDF27BB7777006899C8 /* addSigninInfo.swift */ = {isa = PBXFileReference; lastKnownFileType = sourcecode.swift; path = addSigninInfo.swift; sourceTree = "<group>"; };
		672F6CE127BB7921006899C8 /* addUserInfo.swift */ = {isa = PBXFileReference; lastKnownFileType = sourcecode.swift; path = addUserInfo.swift; sourceTree = "<group>"; };
		672F6CE327BE1978006899C8 /* userInfomation.swift */ = {isa = PBXFileReference; lastKnownFileType = sourcecode.swift; path = userInfomation.swift; sourceTree = "<group>"; };
/* End PBXFileReference section */

/* Begin PBXFrameworksBuildPhase section */
		672F6CC327BB7468006899C8 /* Frameworks */ = {
			isa = PBXFrameworksBuildPhase;
			buildActionMask = 2147483647;
			files = (
			);
			runOnlyForDeploymentPostprocessing = 0;
		};
/* End PBXFrameworksBuildPhase section */

/* Begin PBXGroup section */
		672F6CBD27BB7468006899C8 = {
			isa = PBXGroup;
			children = (
				672F6CC827BB7468006899C8 /* iOS_SignUpPage */,
				672F6CC727BB7468006899C8 /* Products */,
			);
			sourceTree = "<group>";
		};
		672F6CC727BB7468006899C8 /* Products */ = {
			isa = PBXGroup;
			children = (
				672F6CC627BB7468006899C8 /* iOS_SignUpPage.app */,
			);
			name = Products;
			sourceTree = "<group>";
		};
		672F6CC827BB7468006899C8 /* iOS_SignUpPage */ = {
			isa = PBXGroup;
			children = (
				672F6CC927BB7468006899C8 /* AppDelegate.swift */,
				672F6CCB27BB7468006899C8 /* SceneDelegate.swift */,
				672F6CCD27BB7468006899C8 /* ViewController.swift */,
				672F6CCF27BB7468006899C8 /* Main.storyboard */,
				672F6CE327BE1978006899C8 /* userInfomation.swift */,
				672F6CDF27BB7777006899C8 /* addSigninInfo.swift */,
				672F6CE127BB7921006899C8 /* addUserInfo.swift */,
				672F6CD227BB7469006899C8 /* Assets.xcassets */,
				672F6CD427BB7469006899C8 /* LaunchScreen.storyboard */,
				672F6CD727BB7469006899C8 /* Info.plist */,
			);
			path = iOS_SignUpPage;
			sourceTree = "<group>";
		};
/* End PBXGroup section */

/* Begin PBXNativeTarget section */
		672F6CC527BB7468006899C8 /* iOS_SignUpPage */ = {
			isa = PBXNativeTarget;
			buildConfigurationList = 672F6CDA27BB7469006899C8 /* Build configuration list for PBXNativeTarget "iOS_SignUpPage" */;
			buildPhases = (
				672F6CC227BB7468006899C8 /* Sources */,
				672F6CC327BB7468006899C8 /* Frameworks */,
				672F6CC427BB7468006899C8 /* Resources */,
			);
			buildRules = (
			);
			dependencies = (
			);
			name = iOS_SignUpPage;
			productName = iOS_SignUpPage;
			productReference = 672F6CC627BB7468006899C8 /* iOS_SignUpPage.app */;
			productType = "com.apple.product-type.application";
		};
/* End PBXNativeTarget section */

/* Begin PBXProject section */
		672F6CBE27BB7468006899C8 /* Project object */ = {
			isa = PBXProject;
			attributes = {
				BuildIndependentTargetsInParallel = 1;
				LastSwiftUpdateCheck = 1320;
				LastUpgradeCheck = 1320;
				TargetAttributes = {
					672F6CC527BB7468006899C8 = {
						CreatedOnToolsVersion = 13.2.1;
					};
				};
			};
			buildConfigurationList = 672F6CC127BB7468006899C8 /* Build configuration list for PBXProject "iOS_SignUpPage" */;
			compatibilityVersion = "Xcode 13.0";
			developmentRegion = en;
			hasScannedForEncodings = 0;
			knownRegions = (
				en,
				Base,
			);
			mainGroup = 672F6CBD27BB7468006899C8;
			productRefGroup = 672F6CC727BB7468006899C8 /* Products */;
			projectDirPath = "";
			projectRoot = "";
			targets = (
				672F6CC527BB7468006899C8 /* iOS_SignUpPage */,
			);
		};
/* End PBXProject section */

/* Begin PBXResourcesBuildPhase section */
		672F6CC427BB7468006899C8 /* Resources */ = {
			isa = PBXResourcesBuildPhase;
			buildActionMask = 2147483647;
			files = (
				672F6CD627BB7469006899C8 /* LaunchScreen.storyboard in Resources */,
				672F6CD327BB7469006899C8 /* Assets.xcassets in Resources */,
				672F6CD127BB7468006899C8 /* Main.storyboard in Resources */,
			);
			runOnlyForDeploymentPostprocessing = 0;
		};
/* End PBXResourcesBuildPhase section */

/* Begin PBXSourcesBuildPhase section */
		672F6CC227BB7468006899C8 /* Sources */ = {
			isa = PBXSourcesBuildPhase;
			buildActionMask = 2147483647;
			files = (
				672F6CCE27BB7468006899C8 /* ViewController.swift in Sources */,
				672F6CCA27BB7468006899C8 /* AppDelegate.swift in Sources */,
				672F6CCC27BB7468006899C8 /* SceneDelegate.swift in Sources */,
				672F6CE027BB7777006899C8 /* addSigninInfo.swift in Sources */,
				672F6CE427BE1978006899C8 /* userInfomation.swift in Sources */,
				672F6CE227BB7921006899C8 /* addUserInfo.swift in Sources */,
			);
			runOnlyForDeploymentPostprocessing = 0;
		};
/* End PBXSourcesBuildPhase section */

/* Begin PBXVariantGroup section */
		672F6CCF27BB7468006899C8 /* Main.storyboard */ = {
			isa = PBXVariantGroup;
			children = (
				672F6CD027BB7468006899C8 /* Base */,
			);
			name = Main.storyboard;
			sourceTree = "<group>";
		};
		672F6CD427BB7469006899C8 /* LaunchScreen.storyboard */ = {
			isa = PBXVariantGroup;
			children = (
				672F6CD527BB7469006899C8 /* Base */,
			);
			name = LaunchScreen.storyboard;
			sourceTree = "<group>";
		};
/* End PBXVariantGroup section */

/* Begin XCBuildConfiguration section */
		672F6CD827BB7469006899C8 /* Debug */ = {
			isa = XCBuildConfiguration;
			buildSettings = {
				ALWAYS_SEARCH_USER_PATHS = NO;
				CLANG_ANALYZER_NONNULL = YES;
				CLANG_ANALYZER_NUMBER_OBJECT_CONVERSION = YES_AGGRESSIVE;
				CLANG_CXX_LANGUAGE_STANDARD = "gnu++17";
				CLANG_CXX_LIBRARY = "libc++";
				CLANG_ENABLE_MODULES = YES;
				CLANG_ENABLE_OBJC_ARC = YES;
				CLANG_ENABLE_OBJC_WEAK = YES;
				CLANG_WARN_BLOCK_CAPTURE_AUTORELEASING = YES;
				CLANG_WARN_BOOL_CONVERSION = YES;
				CLANG_WARN_COMMA = YES;
				CLANG_WARN_CONSTANT_CONVERSION = YES;
				CLANG_WARN_DEPRECATED_OBJC_IMPLEMENTATIONS = YES;
				CLANG_WARN_DIRECT_OBJC_ISA_USAGE = YES_ERROR;
				CLANG_WARN_DOCUMENTATION_COMMENTS = YES;
				CLANG_WARN_EMPTY_BODY = YES;
				CLANG_WARN_ENUM_CONVERSION = YES;
				CLANG_WARN_INFINITE_RECURSION = YES;
				CLANG_WARN_INT_CONVERSION = YES;
				CLANG_WARN_NON_LITERAL_NULL_CONVERSION = YES;
				CLANG_WARN_OBJC_IMPLICIT_RETAIN_SELF = YES;
				CLANG_WARN_OBJC_LITERAL_CONVERSION = YES;
				CLANG_WARN_OBJC_ROOT_CLASS = YES_ERROR;
				CLANG_WARN_QUOTED_INCLUDE_IN_FRAMEWORK_HEADER = YES;
				CLANG_WARN_RANGE_LOOP_ANALYSIS = YES;
				CLANG_WARN_STRICT_PROTOTYPES = YES;
				CLANG_WARN_SUSPICIOUS_MOVE = YES;
				CLANG_WARN_UNGUARDED_AVAILABILITY = YES_AGGRESSIVE;
				CLANG_WARN_UNREACHABLE_CODE = YES;
				CLANG_WARN__DUPLICATE_METHOD_MATCH = YES;
				COPY_PHASE_STRIP = NO;
				DEBUG_INFORMATION_FORMAT = dwarf;
				ENABLE_STRICT_OBJC_MSGSEND = YES;
				ENABLE_TESTABILITY = YES;
				GCC_C_LANGUAGE_STANDARD = gnu11;
				GCC_DYNAMIC_NO_PIC = NO;
				GCC_NO_COMMON_BLOCKS = YES;
				GCC_OPTIMIZATION_LEVEL = 0;
				GCC_PREPROCESSOR_DEFINITIONS = (
					"DEBUG=1",
					"$(inherited)",
				);
				GCC_WARN_64_TO_32_BIT_CONVERSION = YES;
				GCC_WARN_ABOUT_RETURN_TYPE = YES_ERROR;
				GCC_WARN_UNDECLARED_SELECTOR = YES;
				GCC_WARN_UNINITIALIZED_AUTOS = YES_AGGRESSIVE;
				GCC_WARN_UNUSED_FUNCTION = YES;
				GCC_WARN_UNUSED_VARIABLE = YES;
				IPHONEOS_DEPLOYMENT_TARGET = 15.2;
				MTL_ENABLE_DEBUG_INFO = INCLUDE_SOURCE;
				MTL_FAST_MATH = YES;
				ONLY_ACTIVE_ARCH = YES;
				SDKROOT = iphoneos;
				SWIFT_ACTIVE_COMPILATION_CONDITIONS = DEBUG;
				SWIFT_OPTIMIZATION_LEVEL = "-Onone";
			};
			name = Debug;
		};
		672F6CD927BB7469006899C8 /* Release */ = {
			isa = XCBuildConfiguration;
			buildSettings = {
				ALWAYS_SEARCH_USER_PATHS = NO;
				CLANG_ANALYZER_NONNULL = YES;
				CLANG_ANALYZER_NUMBER_OBJECT_CONVERSION = YES_AGGRESSIVE;
				CLANG_CXX_LANGUAGE_STANDARD = "gnu++17";
				CLANG_CXX_LIBRARY = "libc++";
				CLANG_ENABLE_MODULES = YES;
				CLANG_ENABLE_OBJC_ARC = YES;
				CLANG_ENABLE_OBJC_WEAK = YES;
				CLANG_WARN_BLOCK_CAPTURE_AUTORELEASING = YES;
				CLANG_WARN_BOOL_CONVERSION = YES;
				CLANG_WARN_COMMA = YES;
				CLANG_WARN_CONSTANT_CONVERSION = YES;
				CLANG_WARN_DEPRECATED_OBJC_IMPLEMENTATIONS = YES;
				CLANG_WARN_DIRECT_OBJC_ISA_USAGE = YES_ERROR;
				CLANG_WARN_DOCUMENTATION_COMMENTS = YES;
				CLANG_WARN_EMPTY_BODY = YES;
				CLANG_WARN_ENUM_CONVERSION = YES;
				CLANG_WARN_INFINITE_RECURSION = YES;
				CLANG_WARN_INT_CONVERSION = YES;
				CLANG_WARN_NON_LITERAL_NULL_CONVERSION = YES;
				CLANG_WARN_OBJC_IMPLICIT_RETAIN_SELF = YES;
				CLANG_WARN_OBJC_LITERAL_CONVERSION = YES;
				CLANG_WARN_OBJC_ROOT_CLASS = YES_ERROR;
				CLANG_WARN_QUOTED_INCLUDE_IN_FRAMEWORK_HEADER = YES;
				CLANG_WARN_RANGE_LOOP_ANALYSIS = YES;
				CLANG_WARN_STRICT_PROTOTYPES = YES;
				CLANG_WARN_SUSPICIOUS_MOVE = YES;
				CLANG_WARN_UNGUARDED_AVAILABILITY = YES_AGGRESSIVE;
				CLANG_WARN_UNREACHABLE_CODE = YES;
				CLANG_WARN__DUPLICATE_METHOD_MATCH = YES;
				COPY_PHASE_STRIP = NO;
				DEBUG_INFORMATION_FORMAT = "dwarf-with-dsym";
				ENABLE_NS_ASSERTIONS = NO;
				ENABLE_STRICT_OBJC_MSGSEND = YES;
				GCC_C_LANGUAGE_STANDARD = gnu11;
				GCC_NO_COMMON_BLOCKS = YES;
				GCC_WARN_64_TO_32_BIT_CONVERSION = YES;
				GCC_WARN_ABOUT_RETURN_TYPE = YES_ERROR;
				GCC_WARN_UNDECLARED_SELECTOR = YES;
				GCC_WARN_UNINITIALIZED_AUTOS = YES_AGGRESSIVE;
				GCC_WARN_UNUSED_FUNCTION = YES;
				GCC_WARN_UNUSED_VARIABLE = YES;
				IPHONEOS_DEPLOYMENT_TARGET = 15.2;
				MTL_ENABLE_DEBUG_INFO = NO;
				MTL_FAST_MATH = YES;
				SDKROOT = iphoneos;
				SWIFT_COMPILATION_MODE = wholemodule;
				SWIFT_OPTIMIZATION_LEVEL = "-O";
				VALIDATE_PRODUCT = YES;
			};
			name = Release;
		};
		672F6CDB27BB7469006899C8 /* Debug */ = {
			isa = XCBuildConfiguration;
			buildSettings = {
				ASSETCATALOG_COMPILER_APPICON_NAME = AppIcon;
				ASSETCATALOG_COMPILER_GLOBAL_ACCENT_COLOR_NAME = AccentColor;
				CODE_SIGN_STYLE = Automatic;
				CURRENT_PROJECT_VERSION = 1;
				GENERATE_INFOPLIST_FILE = YES;
				INFOPLIST_FILE = iOS_SignUpPage/Info.plist;
				INFOPLIST_KEY_UIApplicationSupportsIndirectInputEvents = YES;
				INFOPLIST_KEY_UILaunchStoryboardName = LaunchScreen;
				INFOPLIST_KEY_UIMainStoryboardFile = Main;
				INFOPLIST_KEY_UISupportedInterfaceOrientations_iPad = "UIInterfaceOrientationPortrait UIInterfaceOrientationPortraitUpsideDown UIInterfaceOrientationLandscapeLeft UIInterfaceOrientationLandscapeRight";
				INFOPLIST_KEY_UISupportedInterfaceOrientations_iPhone = "UIInterfaceOrientationPortrait UIInterfaceOrientationLandscapeLeft UIInterfaceOrientationLandscapeRight";
				LD_RUNPATH_SEARCH_PATHS = (
					"$(inherited)",
					"@executable_path/Frameworks",
				);
				MARKETING_VERSION = 1.0;
				PRODUCT_BUNDLE_IDENTIFIER = "jooeun.iOS-SignUpPage";
				PRODUCT_NAME = "$(TARGET_NAME)";
				SWIFT_EMIT_LOC_STRINGS = YES;
				SWIFT_VERSION = 5.0;
				TARGETED_DEVICE_FAMILY = "1,2";
			};
			name = Debug;
		};
		672F6CDC27BB7469006899C8 /* Release */ = {
			isa = XCBuildConfiguration;
			buildSettings = {
				ASSETCATALOG_COMPILER_APPICON_NAME = AppIcon;
				ASSETCATALOG_COMPILER_GLOBAL_ACCENT_COLOR_NAME = AccentColor;
				CODE_SIGN_STYLE = Automatic;
				CURRENT_PROJECT_VERSION = 1;
				GENERATE_INFOPLIST_FILE = YES;
				INFOPLIST_FILE = iOS_SignUpPage/Info.plist;
				INFOPLIST_KEY_UIApplicationSupportsIndirectInputEvents = YES;
				INFOPLIST_KEY_UILaunchStoryboardName = LaunchScreen;
				INFOPLIST_KEY_UIMainStoryboardFile = Main;
				INFOPLIST_KEY_UISupportedInterfaceOrientations_iPad = "UIInterfaceOrientationPortrait UIInterfaceOrientationPortraitUpsideDown UIInterfaceOrientationLandscapeLeft UIInterfaceOrientationLandscapeRight";
				INFOPLIST_KEY_UISupportedInterfaceOrientations_iPhone = "UIInterfaceOrientationPortrait UIInterfaceOrientationLandscapeLeft UIInterfaceOrientationLandscapeRight";
				LD_RUNPATH_SEARCH_PATHS = (
					"$(inherited)",
					"@executable_path/Frameworks",
				);
				MARKETING_VERSION = 1.0;
				PRODUCT_BUNDLE_IDENTIFIER = "jooeun.iOS-SignUpPage";
				PRODUCT_NAME = "$(TARGET_NAME)";
				SWIFT_EMIT_LOC_STRINGS = YES;
				SWIFT_VERSION = 5.0;
				TARGETED_DEVICE_FAMILY = "1,2";
			};
			name = Release;
		};
/* End XCBuildConfiguration section */

/* Begin XCConfigurationList section */
		672F6CC127BB7468006899C8 /* Build configuration list for PBXProject "iOS_SignUpPage" */ = {
			isa = XCConfigurationList;
			buildConfigurations = (
				672F6CD827BB7469006899C8 /* Debug */,
				672F6CD927BB7469006899C8 /* Release */,
			);
			defaultConfigurationIsVisible = 0;
			defaultConfigurationName = Release;
		};
		672F6CDA27BB7469006899C8 /* Build configuration list for PBXNativeTarget "iOS_SignUpPage" */ = {
			isa = XCConfigurationList;
			buildConfigurations = (
				672F6CDB27BB7469006899C8 /* Debug */,
				672F6CDC27BB7469006899C8 /* Release */,
			);
			defaultConfigurationIsVisible = 0;
			defaultConfigurationName = Release;
		};
/* End XCConfigurationList section */
	};
	rootObject = 672F6CBE27BB7468006899C8 /* Project object */;
}
